
Microsoft Visual Studio Solution File, Format Version 11.00
# Visual Studio 2010
Project("{FAE04EC0-301F-11D3-BF4B-00C04F79EFBC}") = "Assembly-CSharp", "Assembly-CSharp.csproj", "{24f3f042-1083-53c8-b5b4-294151422e95}"
EndProject
Project("{FAE04EC0-301F-11D3-BF4B-00C04F79EFBC}") = "Unity.XR.Management.Samples", "Unity.XR.Management.Samples.csproj", "{c1c5306c-da3d-e623-1f2b-93179e9851fb}"
EndProject
Project("{FAE04EC0-301F-11D3-BF4B-00C04F79EFBC}") = "Unity.XR.Management.Samples.Editor", "Unity.XR.Management.Samples.Editor.csproj", "{6e2bec66-458f-6208-d414-94cc8c79d8ed}"
EndProject
Global
	GlobalSection(SolutionConfigurationPlatforms) = preSolution
		Debug|Any CPU = Debug|Any CPU
	EndGlobalSection
	GlobalSection(ProjectConfigurationPlatforms) = postSolution
		{24f3f042-1083-53c8-b5b4-294151422e95}.Debug|Any CPU.ActiveCfg = Debug|Any CPU
		{24f3f042-1083-53c8-b5b4-294151422e95}.Debug|Any CPU.Build.0 = Debug|Any CPU
		{c1c5306c-da3d-e623-1f2b-93179e9851fb}.Debug|Any CPU.ActiveCfg = Debug|Any CPU
		{c1c5306c-da3d-e623-1f2b-93179e9851fb}.Debug|Any CPU.Build.0 = Debug|Any CPU
		{6e2bec66-458f-6208-d414-94cc8c79d8ed}.Debug|Any CPU.ActiveCfg = Debug|Any CPU
		{6e2bec66-458f-6208-d414-94cc8c79d8ed}.Debug|Any CPU.Build.0 = Debug|Any CPU
	EndGlobalSection
	GlobalSection(SolutionProperties) = preSolution
		HideSolutionNode = FALSE
	EndGlobalSection
EndGlobal
