
Microsoft Visual Studio Solution File, Format Version 12.00
# Visual Studio 15
Project("{FAE04EC0-301F-11D3-BF4B-00C04F79EFBC}") = "Assembly-CSharp", "Assembly-CSharp.csproj", "{42F0F324-8310-C853-B5B4-294151422E95}"
EndProject
Project("{FAE04EC0-301F-11D3-BF4B-00C04F79EFBC}") = "Unity.XR.Management.Samples", "Unity.XR.Management.Samples.csproj", "{6C30C5C1-3DDA-23E6-1F2B-93179E9851FB}"
EndProject
Project("{FAE04EC0-301F-11D3-BF4B-00C04F79EFBC}") = "Unity.XR.Management.Samples.Editor", "Unity.XR.Management.Samples.Editor.csproj", "{66EC2B6E-8F45-0862-D414-94CC8C79D8ED}"
EndProject
Global
	GlobalSection(SolutionConfigurationPlatforms) = preSolution
		Debug|Any CPU = Debug|Any CPU
		Release|Any CPU = Release|Any CPU
	EndGlobalSection
	GlobalSection(ProjectConfigurationPlatforms) = postSolution
		{42F0F324-8310-C853-B5B4-294151422E95}.Debug|Any CPU.ActiveCfg = Debug|Any CPU
		{42F0F324-8310-C853-B5B4-294151422E95}.Debug|Any CPU.Build.0 = Debug|Any CPU
		{42F0F324-8310-C853-B5B4-294151422E95}.Release|Any CPU.ActiveCfg = Release|Any CPU
		{42F0F324-8310-C853-B5B4-294151422E95}.Release|Any CPU.Build.0 = Release|Any CPU
		{6C30C5C1-3DDA-23E6-1F2B-93179E9851FB}.Debug|Any CPU.ActiveCfg = Debug|Any CPU
		{6C30C5C1-3DDA-23E6-1F2B-93179E9851FB}.Debug|Any CPU.Build.0 = Debug|Any CPU
		{6C30C5C1-3DDA-23E6-1F2B-93179E9851FB}.Release|Any CPU.ActiveCfg = Release|Any CPU
		{6C30C5C1-3DDA-23E6-1F2B-93179E9851FB}.Release|Any CPU.Build.0 = Release|Any CPU
		{66EC2B6E-8F45-0862-D414-94CC8C79D8ED}.Debug|Any CPU.ActiveCfg = Debug|Any CPU
		{66EC2B6E-8F45-0862-D414-94CC8C79D8ED}.Debug|Any CPU.Build.0 = Debug|Any CPU
		{66EC2B6E-8F45-0862-D414-94CC8C79D8ED}.Release|Any CPU.ActiveCfg = Release|Any CPU
		{66EC2B6E-8F45-0862-D414-94CC8C79D8ED}.Release|Any CPU.Build.0 = Release|Any CPU
	EndGlobalSection
	GlobalSection(SolutionProperties) = preSolution
		HideSolutionNode = FALSE
	EndGlobalSection
EndGlobal
